
Microsoft Visual Studio Solution File, Format Version 11.00
# Visual Studio 2010
Project("{FAE04EC0-301F-11D3-BF4B-00C04F79EFBC}") = "Manos", "Manos\Manos.csproj", "{2548B25A-2E1F-4E21-BC43-7E39B1F6F23F}"
EndProject
Project("{FAE04EC0-301F-11D3-BF4B-00C04F79EFBC}") = "manostool", "manostool\manostool.csproj", "{482384E3-EB97-4A8E-9ED9-EACC31350B5E}"
EndProject
Project("{FAE04EC0-301F-11D3-BF4B-00C04F79EFBC}") = "Manos.IO", "Manos.IO\Manos.IO.csproj", "{5E2AA984-1C9C-4890-BEF6-CC2981C49AFF}"
EndProject
Project("{FAE04EC0-301F-11D3-BF4B-00C04F79EFBC}") = "Manos.Ext", "Manos.Ext\Manos.Ext.csproj", "{1048BFD5-9E2F-47A4-BE9D-A64298D1E362}"
EndProject
Project("{FAE04EC0-301F-11D3-BF4B-00C04F79EFBC}") = "Manos.Mvc", "Manos.Mvc\Manos.Mvc.csproj", "{1EC882F8-952E-44F9-999E-E68F269C8927}"
EndProject
Global
	GlobalSection(SolutionConfigurationPlatforms) = preSolution
		Debug|Any CPU = Debug|Any CPU
		Release|Any CPU = Release|Any CPU
	EndGlobalSection
	GlobalSection(ProjectConfigurationPlatforms) = postSolution
		{2548B25A-2E1F-4E21-BC43-7E39B1F6F23F}.Debug|Any CPU.ActiveCfg = Debug|Any CPU
		{2548B25A-2E1F-4E21-BC43-7E39B1F6F23F}.Debug|Any CPU.Build.0 = Debug|Any CPU
		{2548B25A-2E1F-4E21-BC43-7E39B1F6F23F}.Release|Any CPU.ActiveCfg = Release|Any CPU
		{2548B25A-2E1F-4E21-BC43-7E39B1F6F23F}.Release|Any CPU.Build.0 = Release|Any CPU
		{482384E3-EB97-4A8E-9ED9-EACC31350B5E}.Debug|Any CPU.ActiveCfg = Debug|Any CPU
		{482384E3-EB97-4A8E-9ED9-EACC31350B5E}.Debug|Any CPU.Build.0 = Debug|Any CPU
		{482384E3-EB97-4A8E-9ED9-EACC31350B5E}.Release|Any CPU.ActiveCfg = Release|Any CPU
		{482384E3-EB97-4A8E-9ED9-EACC31350B5E}.Release|Any CPU.Build.0 = Release|Any CPU
		{5E2AA984-1C9C-4890-BEF6-CC2981C49AFF}.Debug|Any CPU.ActiveCfg = Debug|Any CPU
		{5E2AA984-1C9C-4890-BEF6-CC2981C49AFF}.Debug|Any CPU.Build.0 = Debug|Any CPU
		{5E2AA984-1C9C-4890-BEF6-CC2981C49AFF}.Release|Any CPU.ActiveCfg = Release|Any CPU
		{5E2AA984-1C9C-4890-BEF6-CC2981C49AFF}.Release|Any CPU.Build.0 = Release|Any CPU
		{1048BFD5-9E2F-47A4-BE9D-A64298D1E362}.Debug|Any CPU.ActiveCfg = Debug|Any CPU
		{1048BFD5-9E2F-47A4-BE9D-A64298D1E362}.Debug|Any CPU.Build.0 = Debug|Any CPU
		{1048BFD5-9E2F-47A4-BE9D-A64298D1E362}.Release|Any CPU.ActiveCfg = Release|Any CPU
		{1048BFD5-9E2F-47A4-BE9D-A64298D1E362}.Release|Any CPU.Build.0 = Release|Any CPU
		{1EC882F8-952E-44F9-999E-E68F269C8927}.Debug|Any CPU.ActiveCfg = Debug|Any CPU
		{1EC882F8-952E-44F9-999E-E68F269C8927}.Debug|Any CPU.Build.0 = Debug|Any CPU
		{1EC882F8-952E-44F9-999E-E68F269C8927}.Release|Any CPU.ActiveCfg = Release|Any CPU
		{1EC882F8-952E-44F9-999E-E68F269C8927}.Release|Any CPU.Build.0 = Release|Any CPU
	EndGlobalSection
	GlobalSection(SolutionProperties) = preSolution
		HideSolutionNode = FALSE
	EndGlobalSection
	GlobalSection(MonoDevelopProperties) = preSolution
		StartupItem = Manos\Manos.csproj
		Policies = $0
		$0.TextStylePolicy = $1
		$1.inheritsSet = null
		$1.scope = text/x-csharp
		$0.CSharpFormattingPolicy = $2
		$2.IndentSwitchBody = True
		$2.AfterDelegateDeclarationParameterComma = True
		$2.SpacesAfterTypecast = True
		$2.SpacesBeforeArrayDeclarationBrackets = True
		$2.inheritsSet = Mono
		$2.inheritsScope = text/x-csharp
		$2.scope = text/x-csharp
		$0.DotNetNamingPolicy = $3
		$3.DirectoryNamespaceAssociation = Flat
		$3.ResourceNamePolicy = FileFormatDefault
	EndGlobalSection
EndGlobal
